{
  "originHash" : "475a6da89ae9af1d089156db9c6bd841d40b2de61710bbab6d704ecb9618a758",
  "pins" : [
    {
      "identity" : "facebook-ios-sdk",
      "kind" : "remoteSourceControl",
      "location" : "https://github.com/facebook/facebook-ios-sdk",
      "state" : {
        "revision" : "c19607d535864533523d1f437c84035e5fb101cf",
        "version" : "14.1.0"
      }
    },
    {
      "identity" : "tiktok-opensdk-ios",
      "kind" : "remoteSourceControl",
      "location" : "https://github.com/tiktok/tiktok-opensdk-ios",
      "state" : {
        "revision" : "618070356b745d50745fd5cd4f1e959b7ca0bb9f",
        "version" : "2.3.0"
      }
    }
  ],
  "version" : 3
}
